github.com/davecgh/go-spew v1.1.0/go.mod h1:J7Y8YcW2NihsgmVo/mv3lAwl/skON4iLHjSsI+c5H38=
github.com/davecgh/go-spew v1.1.1 h1:vj9j/u1bqnvCEfJOwUhtlOARqs3+rkHYY13jYWTU97c=
github.com/davecgh/go-spew v1.1.1/go.mod h1:J7Y8YcW2NihsgmVo/mv3lAwl/skON4iLHjSsI+c5H38=
github.com/dolthub/maphash v0.1.0 h1:bsQ7JsF4FkkWyrP3oCnFJgrCUAFbFf3kOl4L/QxPDyQ=
github.com/dolthub/maphash v0.1.0/go.mod h1:gkg4Ch4CdCDu5h6PMriVLawB7koZ+5ijb9puGMV50a4=
github.com/gammazero/deque v0.2.1 h1:qSdsbG6pgp6nL7A0+K/B7s12mcCY/5l5SIUpMOl+dC0=
github.com/gammazero/deque v0.2.1/go.mod h1:LFroj8x4cMYCukHJDbxFCkT+r9AndaJnFMuZDV34tuU=
github.com/go-audio/audio v1.0.0 h1:zS9vebldgbQqktK4H0lUqWrG8P0NxCJVqcj7ZpNnwd4=
github.com/go-audio/audio v1.0.0/go.mod h1:6uAu0+H2lHkwdGsAY+j2wHPNPpPoeg5AaEFh9FlA+Zs=
github.com/go-audio/riff v1.0.0 h1:d8iCGbDvox9BfLagY94fBynxSPHO80LmZCaOsmKxokA=
github.com/go-audio/riff v1.0.0/go.mod h1:l3cQwc85y79NQFCRB7TiPoNiaijp6q8Z0Uv38rVG498=
github.com/go-audio/wav v1.1.0 h1:jQgLtbqBzY7G+BM8fXF7AHUk1uHUviWS4X39d5rsL2g=
github.com/go-audio/wav v1.1.0/go.mod h1:mpe9qfwbScEbkd8uybLuIpTgHyrISw/OTuvjUW2iGtE=
github.com/klauspost/cpuid/v2 v2.2.8 h1:+StwCXwm9PdpiEkPyzBXIy+M9KUb4ODm0Zarf1kS5BM=
github.com/klauspost/cpuid/v2 v2.2.8/go.mod h1:Lcz8mBdAVJIBVzewtcLocK12l3Y+JytZYpaMropDUws=
github.com/martinarisk/di v0.0.3 h1:rLMDG9ypmhUR7HbgT5dan1J4OAO54gZHA+VtIBNcCrI=
github.com/martinarisk/di v0.0.3/go.mod h1:022Kk0FZeeE/uIOtGcB55cH79UMsa3YZGWxrwH5LQnA=
github.com/maypok86/otter v1.2.1 h1:xyvMW+t0vE1sKt/++GTkznLitEl7D/msqXkAbLwiC1M=
github.com/maypok86/otter v1.2.1/go.mod h1:mKLfoI7v1HOmQMwFgX4QkRk23mX6ge3RDvjdHOWG4R4=
github.com/minio/sha256-simd v1.0.1 h1:6kaan5IFmwTNynnKKpDHe6FWHohJOHhCPchzK49dzMM=
github.com/minio/sha256-simd v1.0.1/go.mod h1:Pz6AKMiUdngCLpeTL/RJY1M9rUuPMYujV5xJjtbRSN8=
github.com/neurlang/classifier v0.3.0 h1:8xGvMBAkAKjBLB7XwrGQA0p655tu0QhRBp+EQ+pBpPk=
github.com/neurlang/classifier v0.3.0/go.mod h1:eTbTsao5PkP5onvcdmZiRqq3eSnXVZGVjXmRFDaYfCU=
github.com/neurlang/noaregtransformer/go v0.0.0-20260210165246-8343b31cc031 h1:EzpocRqJ87+k3GdJQvlxUflNmq5XfONigZTU0Lc4EHs=
github.com/neurlang/noaregtransformer/go v0.0.0-20260210165246-8343b31cc031/go.mod h1:8hrg7apZ4oL4Lvlxlzi3bAc4jtq7KQto7Nm2/c6YZZg=
github.com/neurlang/quaternary v0.2.4 h1:ITmuGIZvwIpMm/ZZC6SfZlOaCJfS3YMg0ttdU3wOBNg=
github.com/neurlang/quaternary v0.2.4/go.mod h1:5ljAzCe6Udiox2BieFnce/egIMH42tAZLdNZ0i1edmk=
github.com/pmezard/go-difflib v1.0.0 h1:4DBwDE0NGyQoBHbLQYPwSUPoCMWR5BEzIk/f1lZbAQM=
github.com/pmezard/go-difflib v1.0.0/go.mod h1:iKH77koFhYxTK1pcRnkKkqfTogsbg7gZNVY4sRDYZ/4=
github.com/sentencizer/sentencizer v0.1.8 h1:DSV2IerNYCVHsHy83VY3WO2QwwoNpmi0OtrCmTGqiv8=
github.com/sentencizer/sentencizer v0.1.8/go.mod h1:JZlIS4U5SBHg2aFiweQrMjxSYiI0y5pxYzdktMI+xMk=
github.com/sirupsen/logrus v1.9.3 h1:dueUQJ1C2q9oE3F7wvmSGAaVtTmUizReu6fjN8uqzbQ=
github.com/sirupsen/logrus v1.9.3/go.mod h1:naHLuLoDiP4jHNo9R0sCBMtWGeIprob74mVsIT4qYEQ=
github.com/stretchr/objx v0.1.0/go.mod h1:HFkY916IF+rwdDfMAkV7OtwuqBVzrE8GR6GFx+wExME=
github.com/stretchr/testify v1.7.0/go.mod h1:6Fq8oRcR53rry900zMqJjRRixrwX3KX962/h/Wwjteg=
github.com/stretchr/testify v1.8.1 h1:w7B6lhMri9wdJUVmEZPGGhZzrYTPvgJArz7wNPgYKsk=
github.com/stretchr/testify v1.8.1/go.mod h1:w2LPCIKwWwSfY2zedu0+kehJoqGctiVI29o6fzry7u4=
github.com/yalue/onnxruntime_go v1.11.0 h1:aKH4yPIbqfcB3SfnQWq/WxzLelkyolntHnffL3eMBHY=
github.com/yalue/onnxruntime_go v1.11.0/go.mod h1:b4X26A8pekNb1ACJ58wAXgNKeUCGEAQ9dmACut9Sm/4=
github.com/yousifnimah/NumToWordsGo v1.2.1-0.20250718172819-1ac7996932f0 h1:14oeqn2N1H+9qogGilYtkgj9vO0bK4J+QubSRiJwkPo=
github.com/yousifnimah/NumToWordsGo v1.2.1-0.20250718172819-1ac7996932f0/go.mod h1:FQd6ynIPGkgraIwP21JBzGTGSO8xdkW6YDOcLJ3G7lE=
golang.org/x/sys v0.0.0-20220715151400-c0bba94af5f8/go.mod h1:oPkhp1MJrh7nUepCBck5+mAzfO9JrbApNNgaTdGDITg=
golang.org/x/sys v0.5.0 h1:MUK/U/4lj1t1oPg0HfuXDN/Z1wv31ZJ/YcPiGccS4DU=
golang.org/x/sys v0.5.0/go.mod h1:oPkhp1MJrh7nUepCBck5+mAzfO9JrbApNNgaTdGDITg=
golang.org/x/text v0.3.3 h1:cokOdA+Jmi5PJGXLlLllQSgYigAEfHXJAERHVMaCc2k=
golang.org/x/text v0.3.3/go.mod h1:5Zoc/QRtKVWzQhOtBMvqHzDpF6irO9z98xDceosuGiQ=
golang.org/x/tools v0.0.0-20180917221912-90fa682c2a6e/go.mod h1:n7NCudcB/nEzxVGmLbDWY5pfWTLqBcC2KZ6jyYvM4mQ=
gopkg.in/check.v1 v0.0.0-20161208181325-20d25e280405/go.mod h1:Co6ibVJAznAaIkqp8huTwlJQCZ016jof/cbN4VW5Yz0=
gopkg.in/yaml.v3 v3.0.0-20200313102051-9f266ea9e77c/go.mod h1:K4uyk7z7BCEPqu6E+C64Yfv1cQ7kz7rIZviUmN+EgEM=
gopkg.in/yaml.v3 v3.0.1 h1:fxVm/GzAzEWqLHuvctI91KS9hhNmmWOoWu0XTYJS7CA=
gopkg.in/yaml.v3 v3.0.1/go.mod h1:K4uyk7z7BCEPqu6E+C64Yfv1cQ7kz7rIZviUmN+EgEM=
